
Microsoft Visual Studio Solution File, Format Version 12.00
# Visual Studio 2012
Project("{FAE04EC0-301F-11D3-BF4B-00C04F79EFBC}") = "EvenFibonacciNumbers", "EvenFibonacciNumbers\EvenFibonacciNumbers.csproj", "{7303346A-BD10-48A6-A243-22FC117FB63F}"
EndProject
Project("{FAE04EC0-301F-11D3-BF4B-00C04F79EFBC}") = "MultiplesOf3and5", "MultiplesOf3and5\MultiplesOf3and5.csproj", "{3AD22B5B-0284-4F8F-86AE-3FD9D7D6D01C}"
EndProject
Project("{FAE04EC0-301F-11D3-BF4B-00C04F79EFBC}") = "LargestPrimeFactor", "LargestPrimeFactor\LargestPrimeFactor.csproj", "{4BBEFC64-B10A-44DD-8C5C-DC098D545038}"
EndProject
Project("{FAE04EC0-301F-11D3-BF4B-00C04F79EFBC}") = "LargestPalindromeProduct", "LargestPalindromeProduct\LargestPalindromeProduct.csproj", "{BBD3EBD2-8C51-4281-9475-DEF4577CF69D}"
EndProject
Project("{FAE04EC0-301F-11D3-BF4B-00C04F79EFBC}") = "SmallestMultiple", "SmallestMultiple\SmallestMultiple.csproj", "{50B3CAFF-855E-4C4D-ADE2-90A911F6DB31}"
EndProject
Project("{FAE04EC0-301F-11D3-BF4B-00C04F79EFBC}") = "SumSquareDifference", "SumSquareDifference\SumSquareDifference.csproj", "{BF1FF1DC-1F30-4A70-97B5-05E02A529741}"
EndProject
Project("{FAE04EC0-301F-11D3-BF4B-00C04F79EFBC}") = "10001stPrime", "10001stPrime\10001stPrime.csproj", "{A61BEC49-7AAA-4C2C-8901-3E32EED394A1}"
EndProject
Global
	GlobalSection(SubversionScc) = preSolution
		Svn-Managed = True
		Manager = AnkhSVN - Subversion Support for Visual Studio
	EndGlobalSection
	GlobalSection(SolutionConfigurationPlatforms) = preSolution
		Debug|Any CPU = Debug|Any CPU
		Release|Any CPU = Release|Any CPU
	EndGlobalSection
	GlobalSection(ProjectConfigurationPlatforms) = postSolution
		{7303346A-BD10-48A6-A243-22FC117FB63F}.Debug|Any CPU.ActiveCfg = Debug|Any CPU
		{7303346A-BD10-48A6-A243-22FC117FB63F}.Debug|Any CPU.Build.0 = Debug|Any CPU
		{7303346A-BD10-48A6-A243-22FC117FB63F}.Release|Any CPU.ActiveCfg = Release|Any CPU
		{7303346A-BD10-48A6-A243-22FC117FB63F}.Release|Any CPU.Build.0 = Release|Any CPU
		{3AD22B5B-0284-4F8F-86AE-3FD9D7D6D01C}.Debug|Any CPU.ActiveCfg = Debug|Any CPU
		{3AD22B5B-0284-4F8F-86AE-3FD9D7D6D01C}.Debug|Any CPU.Build.0 = Debug|Any CPU
		{3AD22B5B-0284-4F8F-86AE-3FD9D7D6D01C}.Release|Any CPU.ActiveCfg = Release|Any CPU
		{3AD22B5B-0284-4F8F-86AE-3FD9D7D6D01C}.Release|Any CPU.Build.0 = Release|Any CPU
		{4BBEFC64-B10A-44DD-8C5C-DC098D545038}.Debug|Any CPU.ActiveCfg = Debug|Any CPU
		{4BBEFC64-B10A-44DD-8C5C-DC098D545038}.Debug|Any CPU.Build.0 = Debug|Any CPU
		{4BBEFC64-B10A-44DD-8C5C-DC098D545038}.Release|Any CPU.ActiveCfg = Release|Any CPU
		{4BBEFC64-B10A-44DD-8C5C-DC098D545038}.Release|Any CPU.Build.0 = Release|Any CPU
		{BBD3EBD2-8C51-4281-9475-DEF4577CF69D}.Debug|Any CPU.ActiveCfg = Debug|Any CPU
		{BBD3EBD2-8C51-4281-9475-DEF4577CF69D}.Debug|Any CPU.Build.0 = Debug|Any CPU
		{BBD3EBD2-8C51-4281-9475-DEF4577CF69D}.Release|Any CPU.ActiveCfg = Release|Any CPU
		{BBD3EBD2-8C51-4281-9475-DEF4577CF69D}.Release|Any CPU.Build.0 = Release|Any CPU
		{50B3CAFF-855E-4C4D-ADE2-90A911F6DB31}.Debug|Any CPU.ActiveCfg = Debug|Any CPU
		{50B3CAFF-855E-4C4D-ADE2-90A911F6DB31}.Debug|Any CPU.Build.0 = Debug|Any CPU
		{50B3CAFF-855E-4C4D-ADE2-90A911F6DB31}.Release|Any CPU.ActiveCfg = Release|Any CPU
		{50B3CAFF-855E-4C4D-ADE2-90A911F6DB31}.Release|Any CPU.Build.0 = Release|Any CPU
		{BF1FF1DC-1F30-4A70-97B5-05E02A529741}.Debug|Any CPU.ActiveCfg = Debug|Any CPU
		{BF1FF1DC-1F30-4A70-97B5-05E02A529741}.Debug|Any CPU.Build.0 = Debug|Any CPU
		{BF1FF1DC-1F30-4A70-97B5-05E02A529741}.Release|Any CPU.ActiveCfg = Release|Any CPU
		{BF1FF1DC-1F30-4A70-97B5-05E02A529741}.Release|Any CPU.Build.0 = Release|Any CPU
		{A61BEC49-7AAA-4C2C-8901-3E32EED394A1}.Debug|Any CPU.ActiveCfg = Debug|Any CPU
		{A61BEC49-7AAA-4C2C-8901-3E32EED394A1}.Debug|Any CPU.Build.0 = Debug|Any CPU
		{A61BEC49-7AAA-4C2C-8901-3E32EED394A1}.Release|Any CPU.ActiveCfg = Release|Any CPU
		{A61BEC49-7AAA-4C2C-8901-3E32EED394A1}.Release|Any CPU.Build.0 = Release|Any CPU
	EndGlobalSection
	GlobalSection(SolutionProperties) = preSolution
		HideSolutionNode = FALSE
	EndGlobalSection
EndGlobal
