
Microsoft Visual Studio Solution File, Format Version 12.00
# Visual Studio 2012
Project("{FAE04EC0-301F-11D3-BF4B-00C04F79EFBC}") = "EvenFibonacciNumbers", "EvenFibonacciNumbers\EvenFibonacciNumbers.csproj", "{7303346A-BD10-48A6-A243-22FC117FB63F}"
EndProject
Project("{FAE04EC0-301F-11D3-BF4B-00C04F79EFBC}") = "MultiplesOf3and5", "MultiplesOf3and5\MultiplesOf3and5.csproj", "{3AD22B5B-0284-4F8F-86AE-3FD9D7D6D01C}"
EndProject
Project("{FAE04EC0-301F-11D3-BF4B-00C04F79EFBC}") = "LargestPrimeFactor", "LargestPrimeFactor\LargestPrimeFactor.csproj", "{4BBEFC64-B10A-44DD-8C5C-DC098D545038}"
EndProject
Project("{FAE04EC0-301F-11D3-BF4B-00C04F79EFBC}") = "LargestPalindromeProduct", "LargestPalindromeProduct\LargestPalindromeProduct.csproj", "{BBD3EBD2-8C51-4281-9475-DEF4577CF69D}"
EndProject
Project("{FAE04EC0-301F-11D3-BF4B-00C04F79EFBC}") = "SmallestMultiple", "SmallestMultiple\SmallestMultiple.csproj", "{50B3CAFF-855E-4C4D-ADE2-90A911F6DB31}"
EndProject
Project("{FAE04EC0-301F-11D3-BF4B-00C04F79EFBC}") = "SumSquareDifference", "SumSquareDifference\SumSquareDifference.csproj", "{BF1FF1DC-1F30-4A70-97B5-05E02A529741}"
EndProject
Project("{FAE04EC0-301F-11D3-BF4B-00C04F79EFBC}") = "10001stPrime", "10001stPrime\10001stPrime.csproj", "{A61BEC49-7AAA-4C2C-8901-3E32EED394A1}"
EndProject
Project("{FAE04EC0-301F-11D3-BF4B-00C04F79EFBC}") = "LargestProductInASeries", "LargestProductInASeries\LargestProductInASeries.csproj", "{B7CDC9C2-1687-4256-91AB-5144E480CBA2}"
EndProject
Project("{FAE04EC0-301F-11D3-BF4B-00C04F79EFBC}") = "SpecialPythagoreanTriplet", "SpecialPythagoreanTriplet\SpecialPythagoreanTriplet.csproj", "{DF474755-AC70-4D26-874E-BF619C56DA69}"
EndProject
Project("{FAE04EC0-301F-11D3-BF4B-00C04F79EFBC}") = "SummationOfPrimes", "SummationOfPrimes\SummationOfPrimes.csproj", "{D8C407ED-F159-47F0-9233-E4CB0E37B121}"
EndProject
Project("{FAE04EC0-301F-11D3-BF4B-00C04F79EFBC}") = "Framework", "Framework\Framework.csproj", "{FECFABEC-1BA3-4395-B261-48F6F8D3B70B}"
EndProject
Project("{FAE04EC0-301F-11D3-BF4B-00C04F79EFBC}") = "LargestProductInAGrid", "LargestProductInAGrid\LargestProductInAGrid.csproj", "{D0EB1814-751B-4212-BC7F-6480F4620003}"
EndProject
Project("{FAE04EC0-301F-11D3-BF4B-00C04F79EFBC}") = "HighlyDivisibleTriangularNumber", "HighlyDivisibleTriangularNumber\HighlyDivisibleTriangularNumber.csproj", "{05F287D5-3C93-480D-97AE-A4E3D085EDE9}"
EndProject
Project("{FAE04EC0-301F-11D3-BF4B-00C04F79EFBC}") = "LargeSum", "LargeSum\LargeSum.csproj", "{AE2E1D8E-C14C-49E9-A44A-3C8EE23ADC44}"
EndProject
Project("{FAE04EC0-301F-11D3-BF4B-00C04F79EFBC}") = "LongestCollatzSequence", "LongestCollatzSequence\LongestCollatzSequence.csproj", "{FEEE991D-4329-4A28-90E3-66DB0CF05B99}"
EndProject
Project("{FAE04EC0-301F-11D3-BF4B-00C04F79EFBC}") = "LatticePaths", "LatticePaths\LatticePaths.csproj", "{C9669286-149B-4CE2-878E-263230296048}"
EndProject
Project("{FAE04EC0-301F-11D3-BF4B-00C04F79EFBC}") = "PowerDigitSum", "PowerDigitSum\PowerDigitSum.csproj", "{DDC301BF-C685-46F7-9305-30FC76AE0417}"
EndProject
Project("{FAE04EC0-301F-11D3-BF4B-00C04F79EFBC}") = "NumberLettersCount", "NumberLettersCount\NumberLettersCount.csproj", "{865E1240-82A2-4727-B8FC-49DE4991BE31}"
EndProject
Project("{FAE04EC0-301F-11D3-BF4B-00C04F79EFBC}") = "MaximumPathSearch", "MaximumPathSearch\MaximumPathSearch.csproj", "{BF6F98C9-1E67-4D1B-A407-7954615784F3}"
EndProject
Project("{FAE04EC0-301F-11D3-BF4B-00C04F79EFBC}") = "CountingSundays", "CountingSundays\CountingSundays.csproj", "{39CF61D5-7A45-4D57-A09E-84341A719E70}"
EndProject
Project("{FAE04EC0-301F-11D3-BF4B-00C04F79EFBC}") = "FactorialDigitSum", "FactorialDigitSum\FactorialDigitSum.csproj", "{748EF6B0-C0BD-47F1-8059-9E09026E1518}"
EndProject
Global
	GlobalSection(SubversionScc) = preSolution
		Svn-Managed = True
		Manager = AnkhSVN - Subversion Support for Visual Studio
	EndGlobalSection
	GlobalSection(SolutionConfigurationPlatforms) = preSolution
		Debug|Any CPU = Debug|Any CPU
		Release|Any CPU = Release|Any CPU
	EndGlobalSection
	GlobalSection(ProjectConfigurationPlatforms) = postSolution
		{7303346A-BD10-48A6-A243-22FC117FB63F}.Debug|Any CPU.ActiveCfg = Debug|Any CPU
		{7303346A-BD10-48A6-A243-22FC117FB63F}.Debug|Any CPU.Build.0 = Debug|Any CPU
		{7303346A-BD10-48A6-A243-22FC117FB63F}.Release|Any CPU.ActiveCfg = Release|Any CPU
		{7303346A-BD10-48A6-A243-22FC117FB63F}.Release|Any CPU.Build.0 = Release|Any CPU
		{3AD22B5B-0284-4F8F-86AE-3FD9D7D6D01C}.Debug|Any CPU.ActiveCfg = Debug|Any CPU
		{3AD22B5B-0284-4F8F-86AE-3FD9D7D6D01C}.Debug|Any CPU.Build.0 = Debug|Any CPU
		{3AD22B5B-0284-4F8F-86AE-3FD9D7D6D01C}.Release|Any CPU.ActiveCfg = Release|Any CPU
		{3AD22B5B-0284-4F8F-86AE-3FD9D7D6D01C}.Release|Any CPU.Build.0 = Release|Any CPU
		{4BBEFC64-B10A-44DD-8C5C-DC098D545038}.Debug|Any CPU.ActiveCfg = Debug|Any CPU
		{4BBEFC64-B10A-44DD-8C5C-DC098D545038}.Debug|Any CPU.Build.0 = Debug|Any CPU
		{4BBEFC64-B10A-44DD-8C5C-DC098D545038}.Release|Any CPU.ActiveCfg = Release|Any CPU
		{4BBEFC64-B10A-44DD-8C5C-DC098D545038}.Release|Any CPU.Build.0 = Release|Any CPU
		{BBD3EBD2-8C51-4281-9475-DEF4577CF69D}.Debug|Any CPU.ActiveCfg = Debug|Any CPU
		{BBD3EBD2-8C51-4281-9475-DEF4577CF69D}.Debug|Any CPU.Build.0 = Debug|Any CPU
		{BBD3EBD2-8C51-4281-9475-DEF4577CF69D}.Release|Any CPU.ActiveCfg = Release|Any CPU
		{BBD3EBD2-8C51-4281-9475-DEF4577CF69D}.Release|Any CPU.Build.0 = Release|Any CPU
		{50B3CAFF-855E-4C4D-ADE2-90A911F6DB31}.Debug|Any CPU.ActiveCfg = Debug|Any CPU
		{50B3CAFF-855E-4C4D-ADE2-90A911F6DB31}.Debug|Any CPU.Build.0 = Debug|Any CPU
		{50B3CAFF-855E-4C4D-ADE2-90A911F6DB31}.Release|Any CPU.ActiveCfg = Release|Any CPU
		{50B3CAFF-855E-4C4D-ADE2-90A911F6DB31}.Release|Any CPU.Build.0 = Release|Any CPU
		{BF1FF1DC-1F30-4A70-97B5-05E02A529741}.Debug|Any CPU.ActiveCfg = Debug|Any CPU
		{BF1FF1DC-1F30-4A70-97B5-05E02A529741}.Debug|Any CPU.Build.0 = Debug|Any CPU
		{BF1FF1DC-1F30-4A70-97B5-05E02A529741}.Release|Any CPU.ActiveCfg = Release|Any CPU
		{BF1FF1DC-1F30-4A70-97B5-05E02A529741}.Release|Any CPU.Build.0 = Release|Any CPU
		{A61BEC49-7AAA-4C2C-8901-3E32EED394A1}.Debug|Any CPU.ActiveCfg = Debug|Any CPU
		{A61BEC49-7AAA-4C2C-8901-3E32EED394A1}.Debug|Any CPU.Build.0 = Debug|Any CPU
		{A61BEC49-7AAA-4C2C-8901-3E32EED394A1}.Release|Any CPU.ActiveCfg = Release|Any CPU
		{A61BEC49-7AAA-4C2C-8901-3E32EED394A1}.Release|Any CPU.Build.0 = Release|Any CPU
		{B7CDC9C2-1687-4256-91AB-5144E480CBA2}.Debug|Any CPU.ActiveCfg = Debug|Any CPU
		{B7CDC9C2-1687-4256-91AB-5144E480CBA2}.Debug|Any CPU.Build.0 = Debug|Any CPU
		{B7CDC9C2-1687-4256-91AB-5144E480CBA2}.Release|Any CPU.ActiveCfg = Release|Any CPU
		{B7CDC9C2-1687-4256-91AB-5144E480CBA2}.Release|Any CPU.Build.0 = Release|Any CPU
		{DF474755-AC70-4D26-874E-BF619C56DA69}.Debug|Any CPU.ActiveCfg = Debug|Any CPU
		{DF474755-AC70-4D26-874E-BF619C56DA69}.Debug|Any CPU.Build.0 = Debug|Any CPU
		{DF474755-AC70-4D26-874E-BF619C56DA69}.Release|Any CPU.ActiveCfg = Release|Any CPU
		{DF474755-AC70-4D26-874E-BF619C56DA69}.Release|Any CPU.Build.0 = Release|Any CPU
		{D8C407ED-F159-47F0-9233-E4CB0E37B121}.Debug|Any CPU.ActiveCfg = Debug|Any CPU
		{D8C407ED-F159-47F0-9233-E4CB0E37B121}.Debug|Any CPU.Build.0 = Debug|Any CPU
		{D8C407ED-F159-47F0-9233-E4CB0E37B121}.Release|Any CPU.ActiveCfg = Release|Any CPU
		{D8C407ED-F159-47F0-9233-E4CB0E37B121}.Release|Any CPU.Build.0 = Release|Any CPU
		{FECFABEC-1BA3-4395-B261-48F6F8D3B70B}.Debug|Any CPU.ActiveCfg = Debug|Any CPU
		{FECFABEC-1BA3-4395-B261-48F6F8D3B70B}.Debug|Any CPU.Build.0 = Debug|Any CPU
		{FECFABEC-1BA3-4395-B261-48F6F8D3B70B}.Release|Any CPU.ActiveCfg = Release|Any CPU
		{FECFABEC-1BA3-4395-B261-48F6F8D3B70B}.Release|Any CPU.Build.0 = Release|Any CPU
		{D0EB1814-751B-4212-BC7F-6480F4620003}.Debug|Any CPU.ActiveCfg = Debug|Any CPU
		{D0EB1814-751B-4212-BC7F-6480F4620003}.Debug|Any CPU.Build.0 = Debug|Any CPU
		{D0EB1814-751B-4212-BC7F-6480F4620003}.Release|Any CPU.ActiveCfg = Release|Any CPU
		{D0EB1814-751B-4212-BC7F-6480F4620003}.Release|Any CPU.Build.0 = Release|Any CPU
		{05F287D5-3C93-480D-97AE-A4E3D085EDE9}.Debug|Any CPU.ActiveCfg = Debug|Any CPU
		{05F287D5-3C93-480D-97AE-A4E3D085EDE9}.Debug|Any CPU.Build.0 = Debug|Any CPU
		{05F287D5-3C93-480D-97AE-A4E3D085EDE9}.Release|Any CPU.ActiveCfg = Release|Any CPU
		{05F287D5-3C93-480D-97AE-A4E3D085EDE9}.Release|Any CPU.Build.0 = Release|Any CPU
		{AE2E1D8E-C14C-49E9-A44A-3C8EE23ADC44}.Debug|Any CPU.ActiveCfg = Debug|Any CPU
		{AE2E1D8E-C14C-49E9-A44A-3C8EE23ADC44}.Debug|Any CPU.Build.0 = Debug|Any CPU
		{AE2E1D8E-C14C-49E9-A44A-3C8EE23ADC44}.Release|Any CPU.ActiveCfg = Release|Any CPU
		{AE2E1D8E-C14C-49E9-A44A-3C8EE23ADC44}.Release|Any CPU.Build.0 = Release|Any CPU
		{FEEE991D-4329-4A28-90E3-66DB0CF05B99}.Debug|Any CPU.ActiveCfg = Debug|Any CPU
		{FEEE991D-4329-4A28-90E3-66DB0CF05B99}.Debug|Any CPU.Build.0 = Debug|Any CPU
		{FEEE991D-4329-4A28-90E3-66DB0CF05B99}.Release|Any CPU.ActiveCfg = Release|Any CPU
		{FEEE991D-4329-4A28-90E3-66DB0CF05B99}.Release|Any CPU.Build.0 = Release|Any CPU
		{C9669286-149B-4CE2-878E-263230296048}.Debug|Any CPU.ActiveCfg = Debug|Any CPU
		{C9669286-149B-4CE2-878E-263230296048}.Debug|Any CPU.Build.0 = Debug|Any CPU
		{C9669286-149B-4CE2-878E-263230296048}.Release|Any CPU.ActiveCfg = Release|Any CPU
		{C9669286-149B-4CE2-878E-263230296048}.Release|Any CPU.Build.0 = Release|Any CPU
		{DDC301BF-C685-46F7-9305-30FC76AE0417}.Debug|Any CPU.ActiveCfg = Debug|Any CPU
		{DDC301BF-C685-46F7-9305-30FC76AE0417}.Debug|Any CPU.Build.0 = Debug|Any CPU
		{DDC301BF-C685-46F7-9305-30FC76AE0417}.Release|Any CPU.ActiveCfg = Release|Any CPU
		{DDC301BF-C685-46F7-9305-30FC76AE0417}.Release|Any CPU.Build.0 = Release|Any CPU
		{865E1240-82A2-4727-B8FC-49DE4991BE31}.Debug|Any CPU.ActiveCfg = Debug|Any CPU
		{865E1240-82A2-4727-B8FC-49DE4991BE31}.Debug|Any CPU.Build.0 = Debug|Any CPU
		{865E1240-82A2-4727-B8FC-49DE4991BE31}.Release|Any CPU.ActiveCfg = Release|Any CPU
		{865E1240-82A2-4727-B8FC-49DE4991BE31}.Release|Any CPU.Build.0 = Release|Any CPU
		{BF6F98C9-1E67-4D1B-A407-7954615784F3}.Debug|Any CPU.ActiveCfg = Debug|Any CPU
		{BF6F98C9-1E67-4D1B-A407-7954615784F3}.Debug|Any CPU.Build.0 = Debug|Any CPU
		{BF6F98C9-1E67-4D1B-A407-7954615784F3}.Release|Any CPU.ActiveCfg = Release|Any CPU
		{BF6F98C9-1E67-4D1B-A407-7954615784F3}.Release|Any CPU.Build.0 = Release|Any CPU
		{39CF61D5-7A45-4D57-A09E-84341A719E70}.Debug|Any CPU.ActiveCfg = Debug|Any CPU
		{39CF61D5-7A45-4D57-A09E-84341A719E70}.Debug|Any CPU.Build.0 = Debug|Any CPU
		{39CF61D5-7A45-4D57-A09E-84341A719E70}.Release|Any CPU.ActiveCfg = Release|Any CPU
		{39CF61D5-7A45-4D57-A09E-84341A719E70}.Release|Any CPU.Build.0 = Release|Any CPU
		{748EF6B0-C0BD-47F1-8059-9E09026E1518}.Debug|Any CPU.ActiveCfg = Debug|Any CPU
		{748EF6B0-C0BD-47F1-8059-9E09026E1518}.Debug|Any CPU.Build.0 = Debug|Any CPU
		{748EF6B0-C0BD-47F1-8059-9E09026E1518}.Release|Any CPU.ActiveCfg = Release|Any CPU
		{748EF6B0-C0BD-47F1-8059-9E09026E1518}.Release|Any CPU.Build.0 = Release|Any CPU
	EndGlobalSection
	GlobalSection(SolutionProperties) = preSolution
		HideSolutionNode = FALSE
	EndGlobalSection
EndGlobal
